
Microsoft Visual Studio Solution File, Format Version 12.00
# Visual Studio Version 17
VisualStudioVersion = 17.13.35931.197 d17.13
MinimumVisualStudioVersion = 10.0.40219.1
Project("{FAE04EC0-301F-11D3-BF4B-00C04F79EFBC}") = "myMLApp", "myMLApp\myMLApp.csproj", "{9190C728-F076-42BC-8C59-45A3E8E376EB}"
EndProject
Global
	GlobalSection(SolutionConfigurationPlatforms) = preSolution
		Debug|Any CPU = Debug|Any CPU
		Release|Any CPU = Release|Any CPU
	EndGlobalSection
	GlobalSection(ProjectConfigurationPlatforms) = postSolution
		{9190C728-F076-42BC-8C59-45A3E8E376EB}.Debug|Any CPU.ActiveCfg = Debug|Any CPU
		{9190C728-F076-42BC-8C59-45A3E8E376EB}.Debug|Any CPU.Build.0 = Debug|Any CPU
		{9190C728-F076-42BC-8C59-45A3E8E376EB}.Release|Any CPU.ActiveCfg = Release|Any CPU
		{9190C728-F076-42BC-8C59-45A3E8E376EB}.Release|Any CPU.Build.0 = Release|Any CPU
	EndGlobalSection
	GlobalSection(SolutionProperties) = preSolution
		HideSolutionNode = FALSE
	EndGlobalSection
	GlobalSection(ExtensibilityGlobals) = postSolution
		SolutionGuid = {9FADEA84-1BE9-44DF-88B6-E47DCB399E01}
	EndGlobalSection
EndGlobal
